{
  "name": "ai-data-analyzer",
  "version": "1.0.0",
  "lockfileVersion": 3,
  "requires": true,
  "packages": {
    "": {
      "name": "ai-data-analyzer",
      "version": "1.0.0",
      "hasInstallScript": true,
      "engines": {
        "node": ">=22",
        "pnpm": ">=10"
      }
    }
  }
}
